
Microsoft Visual Studio Solution File, Format Version 12.00
# Visual Studio Version 16
VisualStudioVersion = 16.0.29411.108
MinimumVisualStudioVersion = 10.0.40219.1
Project("{FAE04EC0-301F-11D3-BF4B-00C04F79EFBC}") = "01. Spaceship Crafting", "01. Spaceship Crafting\01. Spaceship Crafting.csproj", "{2DAB28A6-B3CD-4FA6-80D4-4B9E3F2CF65A}"
EndProject
Project("{FAE04EC0-301F-11D3-BF4B-00C04F79EFBC}") = "03. Space Station Establishment", "03. Space Station Establishment\03. Space Station Establishment.csproj", "{D625E250-CC9E-4323-9A88-A39EEDEE4201}"
EndProject
Global
	GlobalSection(SolutionConfigurationPlatforms) = preSolution
		Debug|Any CPU = Debug|Any CPU
		Release|Any CPU = Release|Any CPU
	EndGlobalSection
	GlobalSection(ProjectConfigurationPlatforms) = postSolution
		{2DAB28A6-B3CD-4FA6-80D4-4B9E3F2CF65A}.Debug|Any CPU.ActiveCfg = Debug|Any CPU
		{2DAB28A6-B3CD-4FA6-80D4-4B9E3F2CF65A}.Debug|Any CPU.Build.0 = Debug|Any CPU
		{2DAB28A6-B3CD-4FA6-80D4-4B9E3F2CF65A}.Release|Any CPU.ActiveCfg = Release|Any CPU
		{2DAB28A6-B3CD-4FA6-80D4-4B9E3F2CF65A}.Release|Any CPU.Build.0 = Release|Any CPU
		{D625E250-CC9E-4323-9A88-A39EEDEE4201}.Debug|Any CPU.ActiveCfg = Debug|Any CPU
		{D625E250-CC9E-4323-9A88-A39EEDEE4201}.Debug|Any CPU.Build.0 = Debug|Any CPU
		{D625E250-CC9E-4323-9A88-A39EEDEE4201}.Release|Any CPU.ActiveCfg = Release|Any CPU
		{D625E250-CC9E-4323-9A88-A39EEDEE4201}.Release|Any CPU.Build.0 = Release|Any CPU
	EndGlobalSection
	GlobalSection(SolutionProperties) = preSolution
		HideSolutionNode = FALSE
	EndGlobalSection
	GlobalSection(ExtensibilityGlobals) = postSolution
		SolutionGuid = {D379D037-4A5A-49DC-83C0-FC0B92B880BE}
	EndGlobalSection
EndGlobal
