
Microsoft Visual Studio Solution File, Format Version 12.00
# Visual Studio Version 16
VisualStudioVersion = 16.0.29123.88
MinimumVisualStudioVersion = 10.0.40219.1
Project("{FAE04EC0-301F-11D3-BF4B-00C04F79EFBC}") = "01. Furniture", "01. Furniture\01. Furniture.csproj", "{89D76766-7DE6-4B06-916A-1D63A6F400E3}"
EndProject
Project("{FAE04EC0-301F-11D3-BF4B-00C04F79EFBC}") = "02. Race", "02. Race\02. Race.csproj", "{4CC8E43D-0DF0-465F-BF04-FB96D62B7C3A}"
EndProject
Project("{FAE04EC0-301F-11D3-BF4B-00C04F79EFBC}") = "03. SoftUni Bar Income", "03. SoftUni Bar Income\03. SoftUni Bar Income.csproj", "{47DEEAD3-3BDA-4BCF-B8D0-B391F93CCF46}"
EndProject
Global
	GlobalSection(SolutionConfigurationPlatforms) = preSolution
		Debug|Any CPU = Debug|Any CPU
		Release|Any CPU = Release|Any CPU
	EndGlobalSection
	GlobalSection(ProjectConfigurationPlatforms) = postSolution
		{89D76766-7DE6-4B06-916A-1D63A6F400E3}.Debug|Any CPU.ActiveCfg = Debug|Any CPU
		{89D76766-7DE6-4B06-916A-1D63A6F400E3}.Debug|Any CPU.Build.0 = Debug|Any CPU
		{89D76766-7DE6-4B06-916A-1D63A6F400E3}.Release|Any CPU.ActiveCfg = Release|Any CPU
		{89D76766-7DE6-4B06-916A-1D63A6F400E3}.Release|Any CPU.Build.0 = Release|Any CPU
		{4CC8E43D-0DF0-465F-BF04-FB96D62B7C3A}.Debug|Any CPU.ActiveCfg = Debug|Any CPU
		{4CC8E43D-0DF0-465F-BF04-FB96D62B7C3A}.Debug|Any CPU.Build.0 = Debug|Any CPU
		{4CC8E43D-0DF0-465F-BF04-FB96D62B7C3A}.Release|Any CPU.ActiveCfg = Release|Any CPU
		{4CC8E43D-0DF0-465F-BF04-FB96D62B7C3A}.Release|Any CPU.Build.0 = Release|Any CPU
		{47DEEAD3-3BDA-4BCF-B8D0-B391F93CCF46}.Debug|Any CPU.ActiveCfg = Debug|Any CPU
		{47DEEAD3-3BDA-4BCF-B8D0-B391F93CCF46}.Debug|Any CPU.Build.0 = Debug|Any CPU
		{47DEEAD3-3BDA-4BCF-B8D0-B391F93CCF46}.Release|Any CPU.ActiveCfg = Release|Any CPU
		{47DEEAD3-3BDA-4BCF-B8D0-B391F93CCF46}.Release|Any CPU.Build.0 = Release|Any CPU
	EndGlobalSection
	GlobalSection(SolutionProperties) = preSolution
		HideSolutionNode = FALSE
	EndGlobalSection
	GlobalSection(ExtensibilityGlobals) = postSolution
		SolutionGuid = {10A53D71-C4D0-48A0-8D95-AFE8B14C7464}
	EndGlobalSection
EndGlobal
