
Microsoft Visual Studio Solution File, Format Version 12.00
# Visual Studio Version 16
VisualStudioVersion = 16.0.29123.88
MinimumVisualStudioVersion = 10.0.40219.1
Project("{FAE04EC0-301F-11D3-BF4B-00C04F79EFBC}") = "01. Animal Sanctuary", "01. Animal Sanctuary\01. Animal Sanctuary.csproj", "{4E7BF657-2898-4F27-A676-7C995AF5D437}"
EndProject
Project("{FAE04EC0-301F-11D3-BF4B-00C04F79EFBC}") = "02. Feed the Animals", "02. Feed the Animals\02. Feed the Animals.csproj", "{1C95E8E1-78DF-4775-9EAA-219096C7ECD8}"
EndProject
Global
	GlobalSection(SolutionConfigurationPlatforms) = preSolution
		Debug|Any CPU = Debug|Any CPU
		Release|Any CPU = Release|Any CPU
	EndGlobalSection
	GlobalSection(ProjectConfigurationPlatforms) = postSolution
		{4E7BF657-2898-4F27-A676-7C995AF5D437}.Debug|Any CPU.ActiveCfg = Debug|Any CPU
		{4E7BF657-2898-4F27-A676-7C995AF5D437}.Debug|Any CPU.Build.0 = Debug|Any CPU
		{4E7BF657-2898-4F27-A676-7C995AF5D437}.Release|Any CPU.ActiveCfg = Release|Any CPU
		{4E7BF657-2898-4F27-A676-7C995AF5D437}.Release|Any CPU.Build.0 = Release|Any CPU
		{1C95E8E1-78DF-4775-9EAA-219096C7ECD8}.Debug|Any CPU.ActiveCfg = Debug|Any CPU
		{1C95E8E1-78DF-4775-9EAA-219096C7ECD8}.Debug|Any CPU.Build.0 = Debug|Any CPU
		{1C95E8E1-78DF-4775-9EAA-219096C7ECD8}.Release|Any CPU.ActiveCfg = Release|Any CPU
		{1C95E8E1-78DF-4775-9EAA-219096C7ECD8}.Release|Any CPU.Build.0 = Release|Any CPU
	EndGlobalSection
	GlobalSection(SolutionProperties) = preSolution
		HideSolutionNode = FALSE
	EndGlobalSection
	GlobalSection(ExtensibilityGlobals) = postSolution
		SolutionGuid = {1702EDC8-7211-4881-B2B0-99887BEB1A5F}
	EndGlobalSection
EndGlobal
