
Microsoft Visual Studio Solution File, Format Version 12.00
# Visual Studio Version 16
VisualStudioVersion = 16.0.29411.108
MinimumVisualStudioVersion = 10.0.40219.1
Project("{FAE04EC0-301F-11D3-BF4B-00C04F79EFBC}") = "01. Summer Cocktails", "01. Summer Cocktails\01. Summer Cocktails.csproj", "{934F7B78-4299-4F68-8E02-16F5A0A7310F}"
EndProject
Global
	GlobalSection(SolutionConfigurationPlatforms) = preSolution
		Debug|Any CPU = Debug|Any CPU
		Release|Any CPU = Release|Any CPU
	EndGlobalSection
	GlobalSection(ProjectConfigurationPlatforms) = postSolution
		{934F7B78-4299-4F68-8E02-16F5A0A7310F}.Debug|Any CPU.ActiveCfg = Debug|Any CPU
		{934F7B78-4299-4F68-8E02-16F5A0A7310F}.Debug|Any CPU.Build.0 = Debug|Any CPU
		{934F7B78-4299-4F68-8E02-16F5A0A7310F}.Release|Any CPU.ActiveCfg = Release|Any CPU
		{934F7B78-4299-4F68-8E02-16F5A0A7310F}.Release|Any CPU.Build.0 = Release|Any CPU
	EndGlobalSection
	GlobalSection(SolutionProperties) = preSolution
		HideSolutionNode = FALSE
	EndGlobalSection
	GlobalSection(ExtensibilityGlobals) = postSolution
		SolutionGuid = {B0C94CF3-8BE8-4B9D-930A-34F5CC5AFFE7}
	EndGlobalSection
EndGlobal
