
Microsoft Visual Studio Solution File, Format Version 12.00
# Visual Studio Version 16
VisualStudioVersion = 16.0.29403.142
MinimumVisualStudioVersion = 10.0.40219.1
Project("{FAE04EC0-301F-11D3-BF4B-00C04F79EFBC}") = "DefiningClasses", "DefiningClasses\DefiningClasses.csproj", "{4CAF7041-ABD2-404A-9073-76A3D9A20569}"
EndProject
Global
	GlobalSection(SolutionConfigurationPlatforms) = preSolution
		Debug|Any CPU = Debug|Any CPU
		Release|Any CPU = Release|Any CPU
	EndGlobalSection
	GlobalSection(ProjectConfigurationPlatforms) = postSolution
		{4CAF7041-ABD2-404A-9073-76A3D9A20569}.Debug|Any CPU.ActiveCfg = Debug|Any CPU
		{4CAF7041-ABD2-404A-9073-76A3D9A20569}.Debug|Any CPU.Build.0 = Debug|Any CPU
		{4CAF7041-ABD2-404A-9073-76A3D9A20569}.Release|Any CPU.ActiveCfg = Release|Any CPU
		{4CAF7041-ABD2-404A-9073-76A3D9A20569}.Release|Any CPU.Build.0 = Release|Any CPU
	EndGlobalSection
	GlobalSection(SolutionProperties) = preSolution
		HideSolutionNode = FALSE
	EndGlobalSection
	GlobalSection(ExtensibilityGlobals) = postSolution
		SolutionGuid = {58DAE6A4-BC5B-40AE-AA66-6318C26ED77A}
	EndGlobalSection
EndGlobal
