
Microsoft Visual Studio Solution File, Format Version 12.00
# Visual Studio Version 16
VisualStudioVersion = 16.0.29123.88
MinimumVisualStudioVersion = 10.0.40219.1
Project("{9A19103F-16F7-4668-BE54-9A1E7A4F7556}") = "01. Concert", "01. Concert\01. Concert.csproj", "{24B2E059-3DD0-419B-B265-DBADE252325E}"
EndProject
Project("{9A19103F-16F7-4668-BE54-9A1E7A4F7556}") = "02. Song Encryption", "02. Song Encryption\02. Song Encryption.csproj", "{BE3DB83E-9A98-436D-9C6E-A8D496894AF3}"
EndProject
Project("{FAE04EC0-301F-11D3-BF4B-00C04F79EFBC}") = "03. The Isle of Man TT Race", "03. The Isle of Man TT Race\03. The Isle of Man TT Race.csproj", "{F4CDB2C5-C54F-4A19-AAA5-FF90314A3798}"
EndProject
Global
	GlobalSection(SolutionConfigurationPlatforms) = preSolution
		Debug|Any CPU = Debug|Any CPU
		Release|Any CPU = Release|Any CPU
	EndGlobalSection
	GlobalSection(ProjectConfigurationPlatforms) = postSolution
		{24B2E059-3DD0-419B-B265-DBADE252325E}.Debug|Any CPU.ActiveCfg = Debug|Any CPU
		{24B2E059-3DD0-419B-B265-DBADE252325E}.Debug|Any CPU.Build.0 = Debug|Any CPU
		{24B2E059-3DD0-419B-B265-DBADE252325E}.Release|Any CPU.ActiveCfg = Release|Any CPU
		{24B2E059-3DD0-419B-B265-DBADE252325E}.Release|Any CPU.Build.0 = Release|Any CPU
		{BE3DB83E-9A98-436D-9C6E-A8D496894AF3}.Debug|Any CPU.ActiveCfg = Debug|Any CPU
		{BE3DB83E-9A98-436D-9C6E-A8D496894AF3}.Debug|Any CPU.Build.0 = Debug|Any CPU
		{BE3DB83E-9A98-436D-9C6E-A8D496894AF3}.Release|Any CPU.ActiveCfg = Release|Any CPU
		{BE3DB83E-9A98-436D-9C6E-A8D496894AF3}.Release|Any CPU.Build.0 = Release|Any CPU
		{F4CDB2C5-C54F-4A19-AAA5-FF90314A3798}.Debug|Any CPU.ActiveCfg = Debug|Any CPU
		{F4CDB2C5-C54F-4A19-AAA5-FF90314A3798}.Debug|Any CPU.Build.0 = Debug|Any CPU
		{F4CDB2C5-C54F-4A19-AAA5-FF90314A3798}.Release|Any CPU.ActiveCfg = Release|Any CPU
		{F4CDB2C5-C54F-4A19-AAA5-FF90314A3798}.Release|Any CPU.Build.0 = Release|Any CPU
	EndGlobalSection
	GlobalSection(SolutionProperties) = preSolution
		HideSolutionNode = FALSE
	EndGlobalSection
	GlobalSection(ExtensibilityGlobals) = postSolution
		SolutionGuid = {FA47D3E4-8F84-43A6-A4C4-833911139DF2}
	EndGlobalSection
EndGlobal
