
Microsoft Visual Studio Solution File, Format Version 12.00
# Visual Studio 15
VisualStudioVersion = 15.0.28307.329
MinimumVisualStudioVersion = 10.0.40219.1
Project("{FAE04EC0-301F-11D3-BF4B-00C04F79EFBC}") = "demo", "demo\demo.csproj", "{9D8F7594-7C57-4C26-8DC5-F5C48A400B79}"
EndProject
Project("{FAE04EC0-301F-11D3-BF4B-00C04F79EFBC}") = "examPreparation", "examPreparation\examPreparation.csproj", "{1348E0DA-CABC-45D9-B978-70C647C845EC}"
EndProject
Project("{FAE04EC0-301F-11D3-BF4B-00C04F79EFBC}") = "Vacation", "Vacation\Vacation.csproj", "{8F6CA000-3F37-41E8-B3DA-6B66D393B0FD}"
EndProject
Project("{FAE04EC0-301F-11D3-BF4B-00C04F79EFBC}") = "moneysss", "moneysss\moneysss.csproj", "{18F971EE-42C7-4786-AE83-2587E4A83DBA}"
EndProject
Project("{FAE04EC0-301F-11D3-BF4B-00C04F79EFBC}") = "cake", "cake\cake.csproj", "{E5C9EBC1-7BC7-4602-998B-82ACDC2726ED}"
EndProject
Global
	GlobalSection(SolutionConfigurationPlatforms) = preSolution
		Debug|Any CPU = Debug|Any CPU
		Release|Any CPU = Release|Any CPU
	EndGlobalSection
	GlobalSection(ProjectConfigurationPlatforms) = postSolution
		{9D8F7594-7C57-4C26-8DC5-F5C48A400B79}.Debug|Any CPU.ActiveCfg = Debug|Any CPU
		{9D8F7594-7C57-4C26-8DC5-F5C48A400B79}.Debug|Any CPU.Build.0 = Debug|Any CPU
		{9D8F7594-7C57-4C26-8DC5-F5C48A400B79}.Release|Any CPU.ActiveCfg = Release|Any CPU
		{9D8F7594-7C57-4C26-8DC5-F5C48A400B79}.Release|Any CPU.Build.0 = Release|Any CPU
		{1348E0DA-CABC-45D9-B978-70C647C845EC}.Debug|Any CPU.ActiveCfg = Debug|Any CPU
		{1348E0DA-CABC-45D9-B978-70C647C845EC}.Debug|Any CPU.Build.0 = Debug|Any CPU
		{1348E0DA-CABC-45D9-B978-70C647C845EC}.Release|Any CPU.ActiveCfg = Release|Any CPU
		{1348E0DA-CABC-45D9-B978-70C647C845EC}.Release|Any CPU.Build.0 = Release|Any CPU
		{8F6CA000-3F37-41E8-B3DA-6B66D393B0FD}.Debug|Any CPU.ActiveCfg = Debug|Any CPU
		{8F6CA000-3F37-41E8-B3DA-6B66D393B0FD}.Debug|Any CPU.Build.0 = Debug|Any CPU
		{8F6CA000-3F37-41E8-B3DA-6B66D393B0FD}.Release|Any CPU.ActiveCfg = Release|Any CPU
		{8F6CA000-3F37-41E8-B3DA-6B66D393B0FD}.Release|Any CPU.Build.0 = Release|Any CPU
		{18F971EE-42C7-4786-AE83-2587E4A83DBA}.Debug|Any CPU.ActiveCfg = Debug|Any CPU
		{18F971EE-42C7-4786-AE83-2587E4A83DBA}.Debug|Any CPU.Build.0 = Debug|Any CPU
		{18F971EE-42C7-4786-AE83-2587E4A83DBA}.Release|Any CPU.ActiveCfg = Release|Any CPU
		{18F971EE-42C7-4786-AE83-2587E4A83DBA}.Release|Any CPU.Build.0 = Release|Any CPU
		{E5C9EBC1-7BC7-4602-998B-82ACDC2726ED}.Debug|Any CPU.ActiveCfg = Debug|Any CPU
		{E5C9EBC1-7BC7-4602-998B-82ACDC2726ED}.Debug|Any CPU.Build.0 = Debug|Any CPU
		{E5C9EBC1-7BC7-4602-998B-82ACDC2726ED}.Release|Any CPU.ActiveCfg = Release|Any CPU
		{E5C9EBC1-7BC7-4602-998B-82ACDC2726ED}.Release|Any CPU.Build.0 = Release|Any CPU
	EndGlobalSection
	GlobalSection(SolutionProperties) = preSolution
		HideSolutionNode = FALSE
	EndGlobalSection
	GlobalSection(ExtensibilityGlobals) = postSolution
		SolutionGuid = {E6E2631C-9086-4A68-8A90-1F9BA26ACD8A}
	EndGlobalSection
EndGlobal
