
Microsoft Visual Studio Solution File, Format Version 12.00
# Visual Studio Version 16
VisualStudioVersion = 16.0.28803.452
MinimumVisualStudioVersion = 10.0.40219.1
Project("{9A19103F-16F7-4668-BE54-9A1E7A4F7556}") = "01. Train", "01. Train\01. Train.csproj", "{A4B03565-40DF-4588-9CAF-9B4D8A98782C}"
EndProject
Project("{9A19103F-16F7-4668-BE54-9A1E7A4F7556}") = "02. Common Elements", "02. Common Elements\02. Common Elements.csproj", "{C48B8CF7-AC40-4169-91B7-175202172223}"
EndProject
Project("{9A19103F-16F7-4668-BE54-9A1E7A4F7556}") = "03. Zig-Zag Arrays", "03. Zig-Zag Arrays\03. Zig-Zag Arrays.csproj", "{C9C3F89A-DBC7-453E-83D6-09537BB782DD}"
EndProject
Project("{9A19103F-16F7-4668-BE54-9A1E7A4F7556}") = "04. Array Rotation", "04. Array Rotation\04. Array Rotation.csproj", "{259A165B-EDCB-474E-85B0-48CE13C00E79}"
EndProject
Project("{9A19103F-16F7-4668-BE54-9A1E7A4F7556}") = "05. Top Integers", "05. Top Integers\05. Top Integers.csproj", "{699B457B-4514-4D8F-A361-17AD5C8F4DE5}"
EndProject
Project("{FAE04EC0-301F-11D3-BF4B-00C04F79EFBC}") = "06. Equal Sum", "06. Equal Sum\06. Equal Sum.csproj", "{14EB1EF2-B66E-490D-9C79-627DE8C7A1B3}"
EndProject
Project("{FAE04EC0-301F-11D3-BF4B-00C04F79EFBC}") = "07. Max Sequence of Equal Elements", "07. Max Sequence of Equal Elements\07. Max Sequence of Equal Elements.csproj", "{C8C831DE-C671-49D6-9DBA-90D9E255CE6E}"
EndProject
Project("{FAE04EC0-301F-11D3-BF4B-00C04F79EFBC}") = "08. Magic Sum", "08. Magic Sum\08. Magic Sum.csproj", "{07447BE1-38D2-4A60-9C29-AAD28A435B5A}"
EndProject
Global
	GlobalSection(SolutionConfigurationPlatforms) = preSolution
		Debug|Any CPU = Debug|Any CPU
		Release|Any CPU = Release|Any CPU
	EndGlobalSection
	GlobalSection(ProjectConfigurationPlatforms) = postSolution
		{A4B03565-40DF-4588-9CAF-9B4D8A98782C}.Debug|Any CPU.ActiveCfg = Debug|Any CPU
		{A4B03565-40DF-4588-9CAF-9B4D8A98782C}.Debug|Any CPU.Build.0 = Debug|Any CPU
		{A4B03565-40DF-4588-9CAF-9B4D8A98782C}.Release|Any CPU.ActiveCfg = Release|Any CPU
		{A4B03565-40DF-4588-9CAF-9B4D8A98782C}.Release|Any CPU.Build.0 = Release|Any CPU
		{C48B8CF7-AC40-4169-91B7-175202172223}.Debug|Any CPU.ActiveCfg = Debug|Any CPU
		{C48B8CF7-AC40-4169-91B7-175202172223}.Debug|Any CPU.Build.0 = Debug|Any CPU
		{C48B8CF7-AC40-4169-91B7-175202172223}.Release|Any CPU.ActiveCfg = Release|Any CPU
		{C48B8CF7-AC40-4169-91B7-175202172223}.Release|Any CPU.Build.0 = Release|Any CPU
		{C9C3F89A-DBC7-453E-83D6-09537BB782DD}.Debug|Any CPU.ActiveCfg = Debug|Any CPU
		{C9C3F89A-DBC7-453E-83D6-09537BB782DD}.Debug|Any CPU.Build.0 = Debug|Any CPU
		{C9C3F89A-DBC7-453E-83D6-09537BB782DD}.Release|Any CPU.ActiveCfg = Release|Any CPU
		{C9C3F89A-DBC7-453E-83D6-09537BB782DD}.Release|Any CPU.Build.0 = Release|Any CPU
		{259A165B-EDCB-474E-85B0-48CE13C00E79}.Debug|Any CPU.ActiveCfg = Debug|Any CPU
		{259A165B-EDCB-474E-85B0-48CE13C00E79}.Debug|Any CPU.Build.0 = Debug|Any CPU
		{259A165B-EDCB-474E-85B0-48CE13C00E79}.Release|Any CPU.ActiveCfg = Release|Any CPU
		{259A165B-EDCB-474E-85B0-48CE13C00E79}.Release|Any CPU.Build.0 = Release|Any CPU
		{699B457B-4514-4D8F-A361-17AD5C8F4DE5}.Debug|Any CPU.ActiveCfg = Debug|Any CPU
		{699B457B-4514-4D8F-A361-17AD5C8F4DE5}.Debug|Any CPU.Build.0 = Debug|Any CPU
		{699B457B-4514-4D8F-A361-17AD5C8F4DE5}.Release|Any CPU.ActiveCfg = Release|Any CPU
		{699B457B-4514-4D8F-A361-17AD5C8F4DE5}.Release|Any CPU.Build.0 = Release|Any CPU
		{14EB1EF2-B66E-490D-9C79-627DE8C7A1B3}.Debug|Any CPU.ActiveCfg = Debug|Any CPU
		{14EB1EF2-B66E-490D-9C79-627DE8C7A1B3}.Debug|Any CPU.Build.0 = Debug|Any CPU
		{14EB1EF2-B66E-490D-9C79-627DE8C7A1B3}.Release|Any CPU.ActiveCfg = Release|Any CPU
		{14EB1EF2-B66E-490D-9C79-627DE8C7A1B3}.Release|Any CPU.Build.0 = Release|Any CPU
		{C8C831DE-C671-49D6-9DBA-90D9E255CE6E}.Debug|Any CPU.ActiveCfg = Debug|Any CPU
		{C8C831DE-C671-49D6-9DBA-90D9E255CE6E}.Debug|Any CPU.Build.0 = Debug|Any CPU
		{C8C831DE-C671-49D6-9DBA-90D9E255CE6E}.Release|Any CPU.ActiveCfg = Release|Any CPU
		{C8C831DE-C671-49D6-9DBA-90D9E255CE6E}.Release|Any CPU.Build.0 = Release|Any CPU
		{07447BE1-38D2-4A60-9C29-AAD28A435B5A}.Debug|Any CPU.ActiveCfg = Debug|Any CPU
		{07447BE1-38D2-4A60-9C29-AAD28A435B5A}.Debug|Any CPU.Build.0 = Debug|Any CPU
		{07447BE1-38D2-4A60-9C29-AAD28A435B5A}.Release|Any CPU.ActiveCfg = Release|Any CPU
		{07447BE1-38D2-4A60-9C29-AAD28A435B5A}.Release|Any CPU.Build.0 = Release|Any CPU
	EndGlobalSection
	GlobalSection(SolutionProperties) = preSolution
		HideSolutionNode = FALSE
	EndGlobalSection
	GlobalSection(ExtensibilityGlobals) = postSolution
		SolutionGuid = {E9C16179-236F-40A0-B273-019783ACAE41}
	EndGlobalSection
EndGlobal
