
Microsoft Visual Studio Solution File, Format Version 12.00
# Visual Studio Version 16
VisualStudioVersion = 16.0.30804.86
MinimumVisualStudioVersion = 10.0.40219.1
Project("{FAE04EC0-301F-11D3-BF4B-00C04F79EFBC}") = "BookListRazor", "BookListRazor\BookListRazor.csproj", "{52349B6C-B0A3-4C0E-A330-E0274D38E5FB}"
EndProject
Global
	GlobalSection(SolutionConfigurationPlatforms) = preSolution
		Debug|Any CPU = Debug|Any CPU
		Release|Any CPU = Release|Any CPU
	EndGlobalSection
	GlobalSection(ProjectConfigurationPlatforms) = postSolution
		{52349B6C-B0A3-4C0E-A330-E0274D38E5FB}.Debug|Any CPU.ActiveCfg = Debug|Any CPU
		{52349B6C-B0A3-4C0E-A330-E0274D38E5FB}.Debug|Any CPU.Build.0 = Debug|Any CPU
		{52349B6C-B0A3-4C0E-A330-E0274D38E5FB}.Release|Any CPU.ActiveCfg = Release|Any CPU
		{52349B6C-B0A3-4C0E-A330-E0274D38E5FB}.Release|Any CPU.Build.0 = Release|Any CPU
	EndGlobalSection
	GlobalSection(SolutionProperties) = preSolution
		HideSolutionNode = FALSE
	EndGlobalSection
	GlobalSection(ExtensibilityGlobals) = postSolution
		SolutionGuid = {120C5946-9598-4F00-82B7-8D8EFE66F031}
	EndGlobalSection
EndGlobal
