
Microsoft Visual Studio Solution File, Format Version 12.00
# Visual Studio Version 16
VisualStudioVersion = 16.0.29503.13
MinimumVisualStudioVersion = 10.0.40219.1
Project("{9A19103F-16F7-4668-BE54-9A1E7A4F7556}") = "08MilitaryElite", "08MilitaryElite\08MilitaryElite.csproj", "{60DDB3CF-5120-4065-BA72-9CB93C1F745F}"
EndProject
Project("{FAE04EC0-301F-11D3-BF4B-00C04F79EFBC}") = "PersonInfo", "PersonInfo\PersonInfo.csproj", "{C541C50C-33C2-41B5-975E-0F5F15358086}"
EndProject
Project("{FAE04EC0-301F-11D3-BF4B-00C04F79EFBC}") = "03Ferrari", "03Ferrari\03Ferrari.csproj", "{118B177B-1427-4A34-9E0E-77456EF375F4}"
EndProject
Global
	GlobalSection(SolutionConfigurationPlatforms) = preSolution
		Debug|Any CPU = Debug|Any CPU
		Release|Any CPU = Release|Any CPU
	EndGlobalSection
	GlobalSection(ProjectConfigurationPlatforms) = postSolution
		{60DDB3CF-5120-4065-BA72-9CB93C1F745F}.Debug|Any CPU.ActiveCfg = Debug|Any CPU
		{60DDB3CF-5120-4065-BA72-9CB93C1F745F}.Debug|Any CPU.Build.0 = Debug|Any CPU
		{60DDB3CF-5120-4065-BA72-9CB93C1F745F}.Release|Any CPU.ActiveCfg = Release|Any CPU
		{60DDB3CF-5120-4065-BA72-9CB93C1F745F}.Release|Any CPU.Build.0 = Release|Any CPU
		{C541C50C-33C2-41B5-975E-0F5F15358086}.Debug|Any CPU.ActiveCfg = Debug|Any CPU
		{C541C50C-33C2-41B5-975E-0F5F15358086}.Debug|Any CPU.Build.0 = Debug|Any CPU
		{C541C50C-33C2-41B5-975E-0F5F15358086}.Release|Any CPU.ActiveCfg = Release|Any CPU
		{C541C50C-33C2-41B5-975E-0F5F15358086}.Release|Any CPU.Build.0 = Release|Any CPU
		{118B177B-1427-4A34-9E0E-77456EF375F4}.Debug|Any CPU.ActiveCfg = Debug|Any CPU
		{118B177B-1427-4A34-9E0E-77456EF375F4}.Debug|Any CPU.Build.0 = Debug|Any CPU
		{118B177B-1427-4A34-9E0E-77456EF375F4}.Release|Any CPU.ActiveCfg = Release|Any CPU
		{118B177B-1427-4A34-9E0E-77456EF375F4}.Release|Any CPU.Build.0 = Release|Any CPU
	EndGlobalSection
	GlobalSection(SolutionProperties) = preSolution
		HideSolutionNode = FALSE
	EndGlobalSection
	GlobalSection(ExtensibilityGlobals) = postSolution
		SolutionGuid = {307F3FEE-F94A-4365-8EB4-6D38A993942F}
	EndGlobalSection
EndGlobal
