
Microsoft Visual Studio Solution File, Format Version 12.00
# Visual Studio Version 16
VisualStudioVersion = 16.0.29009.5
MinimumVisualStudioVersion = 10.0.40219.1
Project("{9A19103F-16F7-4668-BE54-9A1E7A4F7556}") = "Problem 1. Easter Cozonacs", "Problem 1. Easter Cozonacs\Problem 1. Easter Cozonacs.csproj", "{E3D1B92A-9D0B-46D1-9504-416473149E01}"
EndProject
Project("{FAE04EC0-301F-11D3-BF4B-00C04F79EFBC}") = "02. Easter Gifts", "02. Easter Gifts\02. Easter Gifts.csproj", "{16C388B2-7DDB-41E6-B2A8-EB86936948B3}"
EndProject
Project("{FAE04EC0-301F-11D3-BF4B-00C04F79EFBC}") = "03. Easter Shopping", "03. Easter Shopping\03. Easter Shopping.csproj", "{642F56CD-EA7F-4283-A4D7-4FCABD36F3FF}"
EndProject
Global
	GlobalSection(SolutionConfigurationPlatforms) = preSolution
		Debug|Any CPU = Debug|Any CPU
		Release|Any CPU = Release|Any CPU
	EndGlobalSection
	GlobalSection(ProjectConfigurationPlatforms) = postSolution
		{E3D1B92A-9D0B-46D1-9504-416473149E01}.Debug|Any CPU.ActiveCfg = Debug|Any CPU
		{E3D1B92A-9D0B-46D1-9504-416473149E01}.Debug|Any CPU.Build.0 = Debug|Any CPU
		{E3D1B92A-9D0B-46D1-9504-416473149E01}.Release|Any CPU.ActiveCfg = Release|Any CPU
		{E3D1B92A-9D0B-46D1-9504-416473149E01}.Release|Any CPU.Build.0 = Release|Any CPU
		{16C388B2-7DDB-41E6-B2A8-EB86936948B3}.Debug|Any CPU.ActiveCfg = Debug|Any CPU
		{16C388B2-7DDB-41E6-B2A8-EB86936948B3}.Debug|Any CPU.Build.0 = Debug|Any CPU
		{16C388B2-7DDB-41E6-B2A8-EB86936948B3}.Release|Any CPU.ActiveCfg = Release|Any CPU
		{16C388B2-7DDB-41E6-B2A8-EB86936948B3}.Release|Any CPU.Build.0 = Release|Any CPU
		{642F56CD-EA7F-4283-A4D7-4FCABD36F3FF}.Debug|Any CPU.ActiveCfg = Debug|Any CPU
		{642F56CD-EA7F-4283-A4D7-4FCABD36F3FF}.Debug|Any CPU.Build.0 = Debug|Any CPU
		{642F56CD-EA7F-4283-A4D7-4FCABD36F3FF}.Release|Any CPU.ActiveCfg = Release|Any CPU
		{642F56CD-EA7F-4283-A4D7-4FCABD36F3FF}.Release|Any CPU.Build.0 = Release|Any CPU
	EndGlobalSection
	GlobalSection(SolutionProperties) = preSolution
		HideSolutionNode = FALSE
	EndGlobalSection
	GlobalSection(ExtensibilityGlobals) = postSolution
		SolutionGuid = {99874B72-39FA-4B0B-AF43-33B4C13E242B}
	EndGlobalSection
EndGlobal
