
Microsoft Visual Studio Solution File, Format Version 12.00
# Visual Studio Version 16
VisualStudioVersion = 16.0.29613.14
MinimumVisualStudioVersion = 10.0.40219.1
Project("{9A19103F-16F7-4668-BE54-9A1E7A4F7556}") = "ADO.NET", "ADO.NET\ADO.NET.csproj", "{90EA7607-B856-4610-90F1-37B0E2B9BC8A}"
EndProject
Project("{9A19103F-16F7-4668-BE54-9A1E7A4F7556}") = "AddMinion", "AddMinion\AddMinion.csproj", "{7A0094BB-2E2B-4460-BE95-531A43DEBFE1}"
EndProject
Project("{FAE04EC0-301F-11D3-BF4B-00C04F79EFBC}") = "IncreaseAgeStoredProcedure", "IncreaseAgeStoredProcedure\IncreaseAgeStoredProcedure.csproj", "{5AB2B21D-BE4A-4A29-B52F-8F46071CA5DE}"
EndProject
Global
	GlobalSection(SolutionConfigurationPlatforms) = preSolution
		Debug|Any CPU = Debug|Any CPU
		Release|Any CPU = Release|Any CPU
	EndGlobalSection
	GlobalSection(ProjectConfigurationPlatforms) = postSolution
		{90EA7607-B856-4610-90F1-37B0E2B9BC8A}.Debug|Any CPU.ActiveCfg = Debug|Any CPU
		{90EA7607-B856-4610-90F1-37B0E2B9BC8A}.Debug|Any CPU.Build.0 = Debug|Any CPU
		{90EA7607-B856-4610-90F1-37B0E2B9BC8A}.Release|Any CPU.ActiveCfg = Release|Any CPU
		{90EA7607-B856-4610-90F1-37B0E2B9BC8A}.Release|Any CPU.Build.0 = Release|Any CPU
		{7A0094BB-2E2B-4460-BE95-531A43DEBFE1}.Debug|Any CPU.ActiveCfg = Debug|Any CPU
		{7A0094BB-2E2B-4460-BE95-531A43DEBFE1}.Debug|Any CPU.Build.0 = Debug|Any CPU
		{7A0094BB-2E2B-4460-BE95-531A43DEBFE1}.Release|Any CPU.ActiveCfg = Release|Any CPU
		{7A0094BB-2E2B-4460-BE95-531A43DEBFE1}.Release|Any CPU.Build.0 = Release|Any CPU
		{5AB2B21D-BE4A-4A29-B52F-8F46071CA5DE}.Debug|Any CPU.ActiveCfg = Debug|Any CPU
		{5AB2B21D-BE4A-4A29-B52F-8F46071CA5DE}.Debug|Any CPU.Build.0 = Debug|Any CPU
		{5AB2B21D-BE4A-4A29-B52F-8F46071CA5DE}.Release|Any CPU.ActiveCfg = Release|Any CPU
		{5AB2B21D-BE4A-4A29-B52F-8F46071CA5DE}.Release|Any CPU.Build.0 = Release|Any CPU
	EndGlobalSection
	GlobalSection(SolutionProperties) = preSolution
		HideSolutionNode = FALSE
	EndGlobalSection
	GlobalSection(ExtensibilityGlobals) = postSolution
		SolutionGuid = {BC99EEAC-A877-4FE9-B866-72CBE92E2426}
	EndGlobalSection
EndGlobal
