
Microsoft Visual Studio Solution File, Format Version 12.00
# Visual Studio Version 16
VisualStudioVersion = 16.0.30320.27
MinimumVisualStudioVersion = 10.0.40219.1
Project("{FAE04EC0-301F-11D3-BF4B-00C04F79EFBC}") = "PetStore.Models", "PetStore.Models\PetStore.Models.csproj", "{29A459E1-FB23-41A0-9E46-E0B7BCD52317}"
EndProject
Global
	GlobalSection(SolutionConfigurationPlatforms) = preSolution
		Debug|Any CPU = Debug|Any CPU
		Release|Any CPU = Release|Any CPU
	EndGlobalSection
	GlobalSection(ProjectConfigurationPlatforms) = postSolution
		{29A459E1-FB23-41A0-9E46-E0B7BCD52317}.Debug|Any CPU.ActiveCfg = Debug|Any CPU
		{29A459E1-FB23-41A0-9E46-E0B7BCD52317}.Debug|Any CPU.Build.0 = Debug|Any CPU
		{29A459E1-FB23-41A0-9E46-E0B7BCD52317}.Release|Any CPU.ActiveCfg = Release|Any CPU
		{29A459E1-FB23-41A0-9E46-E0B7BCD52317}.Release|Any CPU.Build.0 = Release|Any CPU
	EndGlobalSection
	GlobalSection(SolutionProperties) = preSolution
		HideSolutionNode = FALSE
	EndGlobalSection
	GlobalSection(ExtensibilityGlobals) = postSolution
		SolutionGuid = {65147884-FC2C-4668-A219-2ECD08A06B95}
	EndGlobalSection
EndGlobal
