
Microsoft Visual Studio Solution File, Format Version 12.00
# Visual Studio Version 16
VisualStudioVersion = 16.0.29418.71
MinimumVisualStudioVersion = 10.0.40219.1
Project("{FAE04EC0-301F-11D3-BF4B-00C04F79EFBC}") = "IteratorsAndComparators", "01.Library\IteratorsAndComparators.csproj", "{9EF29B5E-EC93-406E-9A82-4729DEE60CDA}"
EndProject
Project("{FAE04EC0-301F-11D3-BF4B-00C04F79EFBC}") = "02. LibraryIterator", "02. LibraryIterator\02. LibraryIterator.csproj", "{CCB208C5-D185-4DDF-8D88-F665C29675F1}"
EndProject
Project("{FAE04EC0-301F-11D3-BF4B-00C04F79EFBC}") = "03. ComparableBook", "03. ComparableBook\03. ComparableBook.csproj", "{21F16171-37A0-4037-A266-690E1A99FB63}"
EndProject
Project("{FAE04EC0-301F-11D3-BF4B-00C04F79EFBC}") = "04. BookComparer", "04. BookComparer\04. BookComparer.csproj", "{E3F5879D-CC6D-4787-8E53-8C98CCB2104B}"
EndProject
Global
	GlobalSection(SolutionConfigurationPlatforms) = preSolution
		Debug|Any CPU = Debug|Any CPU
		Release|Any CPU = Release|Any CPU
	EndGlobalSection
	GlobalSection(ProjectConfigurationPlatforms) = postSolution
		{9EF29B5E-EC93-406E-9A82-4729DEE60CDA}.Debug|Any CPU.ActiveCfg = Debug|Any CPU
		{9EF29B5E-EC93-406E-9A82-4729DEE60CDA}.Debug|Any CPU.Build.0 = Debug|Any CPU
		{9EF29B5E-EC93-406E-9A82-4729DEE60CDA}.Release|Any CPU.ActiveCfg = Release|Any CPU
		{9EF29B5E-EC93-406E-9A82-4729DEE60CDA}.Release|Any CPU.Build.0 = Release|Any CPU
		{CCB208C5-D185-4DDF-8D88-F665C29675F1}.Debug|Any CPU.ActiveCfg = Debug|Any CPU
		{CCB208C5-D185-4DDF-8D88-F665C29675F1}.Debug|Any CPU.Build.0 = Debug|Any CPU
		{CCB208C5-D185-4DDF-8D88-F665C29675F1}.Release|Any CPU.ActiveCfg = Release|Any CPU
		{CCB208C5-D185-4DDF-8D88-F665C29675F1}.Release|Any CPU.Build.0 = Release|Any CPU
		{21F16171-37A0-4037-A266-690E1A99FB63}.Debug|Any CPU.ActiveCfg = Debug|Any CPU
		{21F16171-37A0-4037-A266-690E1A99FB63}.Debug|Any CPU.Build.0 = Debug|Any CPU
		{21F16171-37A0-4037-A266-690E1A99FB63}.Release|Any CPU.ActiveCfg = Release|Any CPU
		{21F16171-37A0-4037-A266-690E1A99FB63}.Release|Any CPU.Build.0 = Release|Any CPU
		{E3F5879D-CC6D-4787-8E53-8C98CCB2104B}.Debug|Any CPU.ActiveCfg = Debug|Any CPU
		{E3F5879D-CC6D-4787-8E53-8C98CCB2104B}.Debug|Any CPU.Build.0 = Debug|Any CPU
		{E3F5879D-CC6D-4787-8E53-8C98CCB2104B}.Release|Any CPU.ActiveCfg = Release|Any CPU
		{E3F5879D-CC6D-4787-8E53-8C98CCB2104B}.Release|Any CPU.Build.0 = Release|Any CPU
	EndGlobalSection
	GlobalSection(SolutionProperties) = preSolution
		HideSolutionNode = FALSE
	EndGlobalSection
	GlobalSection(ExtensibilityGlobals) = postSolution
		SolutionGuid = {B50869F8-7AD2-49F6-A884-3DAA15056001}
	EndGlobalSection
EndGlobal
