
Microsoft Visual Studio Solution File, Format Version 12.00
# Visual Studio Version 16
VisualStudioVersion = 16.0.29418.71
MinimumVisualStudioVersion = 10.0.40219.1
Project("{9A19103F-16F7-4668-BE54-9A1E7A4F7556}") = "01. ListyIterator", "01. ListyIterator\01. ListyIterator.csproj", "{F735FC33-0103-4D5C-80D0-8ECF17236A17}"
EndProject
Project("{FAE04EC0-301F-11D3-BF4B-00C04F79EFBC}") = "04.Froggy", "02.Collection\04.Froggy.csproj", "{D4561FAF-E22B-4234-A044-FC25F9B91DD6}"
EndProject
Global
	GlobalSection(SolutionConfigurationPlatforms) = preSolution
		Debug|Any CPU = Debug|Any CPU
		Release|Any CPU = Release|Any CPU
	EndGlobalSection
	GlobalSection(ProjectConfigurationPlatforms) = postSolution
		{F735FC33-0103-4D5C-80D0-8ECF17236A17}.Debug|Any CPU.ActiveCfg = Debug|Any CPU
		{F735FC33-0103-4D5C-80D0-8ECF17236A17}.Debug|Any CPU.Build.0 = Debug|Any CPU
		{F735FC33-0103-4D5C-80D0-8ECF17236A17}.Release|Any CPU.ActiveCfg = Release|Any CPU
		{F735FC33-0103-4D5C-80D0-8ECF17236A17}.Release|Any CPU.Build.0 = Release|Any CPU
		{D4561FAF-E22B-4234-A044-FC25F9B91DD6}.Debug|Any CPU.ActiveCfg = Debug|Any CPU
		{D4561FAF-E22B-4234-A044-FC25F9B91DD6}.Debug|Any CPU.Build.0 = Debug|Any CPU
		{D4561FAF-E22B-4234-A044-FC25F9B91DD6}.Release|Any CPU.ActiveCfg = Release|Any CPU
		{D4561FAF-E22B-4234-A044-FC25F9B91DD6}.Release|Any CPU.Build.0 = Release|Any CPU
	EndGlobalSection
	GlobalSection(SolutionProperties) = preSolution
		HideSolutionNode = FALSE
	EndGlobalSection
	GlobalSection(ExtensibilityGlobals) = postSolution
		SolutionGuid = {9FB32581-5358-4EA8-89E6-60AB1A02AA01}
	EndGlobalSection
EndGlobal
