
Microsoft Visual Studio Solution File, Format Version 12.00
# Visual Studio Version 16
VisualStudioVersion = 16.0.29123.88
MinimumVisualStudioVersion = 10.0.40219.1
Project("{FAE04EC0-301F-11D3-BF4B-00C04F79EFBC}") = "String Manipulator - Group 1", "String Manipulator - Group 1\String Manipulator - Group 1.csproj", "{214D87A1-0CAD-44B9-B751-6FAF1907C9DB}"
EndProject
Project("{FAE04EC0-301F-11D3-BF4B-00C04F79EFBC}") = "Message Decrypter", "Message Decrypter\Message Decrypter.csproj", "{9E1D00CE-3F45-4F5A-8BC4-A16AE3F8C1A6}"
EndProject
Project("{FAE04EC0-301F-11D3-BF4B-00C04F79EFBC}") = "Messages Manager", "Messages Manager\Messages Manager.csproj", "{9E02A225-E2E4-4951-9B1E-23532E763ECE}"
EndProject
Global
	GlobalSection(SolutionConfigurationPlatforms) = preSolution
		Debug|Any CPU = Debug|Any CPU
		Release|Any CPU = Release|Any CPU
	EndGlobalSection
	GlobalSection(ProjectConfigurationPlatforms) = postSolution
		{214D87A1-0CAD-44B9-B751-6FAF1907C9DB}.Debug|Any CPU.ActiveCfg = Debug|Any CPU
		{214D87A1-0CAD-44B9-B751-6FAF1907C9DB}.Debug|Any CPU.Build.0 = Debug|Any CPU
		{214D87A1-0CAD-44B9-B751-6FAF1907C9DB}.Release|Any CPU.ActiveCfg = Release|Any CPU
		{214D87A1-0CAD-44B9-B751-6FAF1907C9DB}.Release|Any CPU.Build.0 = Release|Any CPU
		{9E1D00CE-3F45-4F5A-8BC4-A16AE3F8C1A6}.Debug|Any CPU.ActiveCfg = Debug|Any CPU
		{9E1D00CE-3F45-4F5A-8BC4-A16AE3F8C1A6}.Debug|Any CPU.Build.0 = Debug|Any CPU
		{9E1D00CE-3F45-4F5A-8BC4-A16AE3F8C1A6}.Release|Any CPU.ActiveCfg = Release|Any CPU
		{9E1D00CE-3F45-4F5A-8BC4-A16AE3F8C1A6}.Release|Any CPU.Build.0 = Release|Any CPU
		{9E02A225-E2E4-4951-9B1E-23532E763ECE}.Debug|Any CPU.ActiveCfg = Debug|Any CPU
		{9E02A225-E2E4-4951-9B1E-23532E763ECE}.Debug|Any CPU.Build.0 = Debug|Any CPU
		{9E02A225-E2E4-4951-9B1E-23532E763ECE}.Release|Any CPU.ActiveCfg = Release|Any CPU
		{9E02A225-E2E4-4951-9B1E-23532E763ECE}.Release|Any CPU.Build.0 = Release|Any CPU
	EndGlobalSection
	GlobalSection(SolutionProperties) = preSolution
		HideSolutionNode = FALSE
	EndGlobalSection
	GlobalSection(ExtensibilityGlobals) = postSolution
		SolutionGuid = {8D4EC124-A9DB-401D-BC68-B9B45659CA12}
	EndGlobalSection
EndGlobal
