
Microsoft Visual Studio Solution File, Format Version 12.00
# Visual Studio Version 16
VisualStudioVersion = 16.0.29123.88
MinimumVisualStudioVersion = 10.0.40219.1
Project("{FAE04EC0-301F-11D3-BF4B-00C04F79EFBC}") = "1. Reverse Strings", "1. Reverse Strings\1. Reverse Strings.csproj", "{F093C0C1-1C7A-42FB-9A78-A25BCAF76A8B}"
EndProject
Project("{FAE04EC0-301F-11D3-BF4B-00C04F79EFBC}") = "2. Stack Sum", "2. Stack Sum\2. Stack Sum.csproj", "{36756897-E22E-4C09-8A72-A2C2F1576111}"
EndProject
Project("{FAE04EC0-301F-11D3-BF4B-00C04F79EFBC}") = "3. Simple Calculator", "3. Simple Calculator\3. Simple Calculator.csproj", "{686C139C-D8E3-4E6E-A617-1ABDF862E93E}"
EndProject
Project("{FAE04EC0-301F-11D3-BF4B-00C04F79EFBC}") = "4. Matching Brackets", "4. Matching Brackets\4. Matching Brackets.csproj", "{F66E04DA-CFCD-44F1-B1D0-4F8BB107CBEE}"
EndProject
Project("{FAE04EC0-301F-11D3-BF4B-00C04F79EFBC}") = "5. Print Even Numbers", "5. Print Even Numbers\5. Print Even Numbers.csproj", "{4BBF994B-D285-4868-B32F-FE0C23CEE8EC}"
EndProject
Project("{FAE04EC0-301F-11D3-BF4B-00C04F79EFBC}") = "6. Supermarket", "6. Supermarket\6. Supermarket.csproj", "{71905782-62D8-47DA-9B8C-1380CE9B69C2}"
EndProject
Project("{FAE04EC0-301F-11D3-BF4B-00C04F79EFBC}") = "7. Hot Potato", "7. Hot Potato\7. Hot Potato.csproj", "{CE24C287-0C87-414F-835D-21FA0418B786}"
EndProject
Project("{FAE04EC0-301F-11D3-BF4B-00C04F79EFBC}") = "8. Traffic Jam", "8. Traffic Jam\8. Traffic Jam.csproj", "{598E01BC-F766-4828-9283-407227244378}"
EndProject
Global
	GlobalSection(SolutionConfigurationPlatforms) = preSolution
		Debug|Any CPU = Debug|Any CPU
		Release|Any CPU = Release|Any CPU
	EndGlobalSection
	GlobalSection(ProjectConfigurationPlatforms) = postSolution
		{F093C0C1-1C7A-42FB-9A78-A25BCAF76A8B}.Debug|Any CPU.ActiveCfg = Debug|Any CPU
		{F093C0C1-1C7A-42FB-9A78-A25BCAF76A8B}.Debug|Any CPU.Build.0 = Debug|Any CPU
		{F093C0C1-1C7A-42FB-9A78-A25BCAF76A8B}.Release|Any CPU.ActiveCfg = Release|Any CPU
		{F093C0C1-1C7A-42FB-9A78-A25BCAF76A8B}.Release|Any CPU.Build.0 = Release|Any CPU
		{36756897-E22E-4C09-8A72-A2C2F1576111}.Debug|Any CPU.ActiveCfg = Debug|Any CPU
		{36756897-E22E-4C09-8A72-A2C2F1576111}.Debug|Any CPU.Build.0 = Debug|Any CPU
		{36756897-E22E-4C09-8A72-A2C2F1576111}.Release|Any CPU.ActiveCfg = Release|Any CPU
		{36756897-E22E-4C09-8A72-A2C2F1576111}.Release|Any CPU.Build.0 = Release|Any CPU
		{686C139C-D8E3-4E6E-A617-1ABDF862E93E}.Debug|Any CPU.ActiveCfg = Debug|Any CPU
		{686C139C-D8E3-4E6E-A617-1ABDF862E93E}.Debug|Any CPU.Build.0 = Debug|Any CPU
		{686C139C-D8E3-4E6E-A617-1ABDF862E93E}.Release|Any CPU.ActiveCfg = Release|Any CPU
		{686C139C-D8E3-4E6E-A617-1ABDF862E93E}.Release|Any CPU.Build.0 = Release|Any CPU
		{F66E04DA-CFCD-44F1-B1D0-4F8BB107CBEE}.Debug|Any CPU.ActiveCfg = Debug|Any CPU
		{F66E04DA-CFCD-44F1-B1D0-4F8BB107CBEE}.Debug|Any CPU.Build.0 = Debug|Any CPU
		{F66E04DA-CFCD-44F1-B1D0-4F8BB107CBEE}.Release|Any CPU.ActiveCfg = Release|Any CPU
		{F66E04DA-CFCD-44F1-B1D0-4F8BB107CBEE}.Release|Any CPU.Build.0 = Release|Any CPU
		{4BBF994B-D285-4868-B32F-FE0C23CEE8EC}.Debug|Any CPU.ActiveCfg = Debug|Any CPU
		{4BBF994B-D285-4868-B32F-FE0C23CEE8EC}.Debug|Any CPU.Build.0 = Debug|Any CPU
		{4BBF994B-D285-4868-B32F-FE0C23CEE8EC}.Release|Any CPU.ActiveCfg = Release|Any CPU
		{4BBF994B-D285-4868-B32F-FE0C23CEE8EC}.Release|Any CPU.Build.0 = Release|Any CPU
		{71905782-62D8-47DA-9B8C-1380CE9B69C2}.Debug|Any CPU.ActiveCfg = Debug|Any CPU
		{71905782-62D8-47DA-9B8C-1380CE9B69C2}.Debug|Any CPU.Build.0 = Debug|Any CPU
		{71905782-62D8-47DA-9B8C-1380CE9B69C2}.Release|Any CPU.ActiveCfg = Release|Any CPU
		{71905782-62D8-47DA-9B8C-1380CE9B69C2}.Release|Any CPU.Build.0 = Release|Any CPU
		{CE24C287-0C87-414F-835D-21FA0418B786}.Debug|Any CPU.ActiveCfg = Debug|Any CPU
		{CE24C287-0C87-414F-835D-21FA0418B786}.Debug|Any CPU.Build.0 = Debug|Any CPU
		{CE24C287-0C87-414F-835D-21FA0418B786}.Release|Any CPU.ActiveCfg = Release|Any CPU
		{CE24C287-0C87-414F-835D-21FA0418B786}.Release|Any CPU.Build.0 = Release|Any CPU
		{598E01BC-F766-4828-9283-407227244378}.Debug|Any CPU.ActiveCfg = Debug|Any CPU
		{598E01BC-F766-4828-9283-407227244378}.Debug|Any CPU.Build.0 = Debug|Any CPU
		{598E01BC-F766-4828-9283-407227244378}.Release|Any CPU.ActiveCfg = Release|Any CPU
		{598E01BC-F766-4828-9283-407227244378}.Release|Any CPU.Build.0 = Release|Any CPU
	EndGlobalSection
	GlobalSection(SolutionProperties) = preSolution
		HideSolutionNode = FALSE
	EndGlobalSection
	GlobalSection(ExtensibilityGlobals) = postSolution
		SolutionGuid = {806724B9-748A-495E-A1DF-3A0A9BC8A8F9}
	EndGlobalSection
EndGlobal
