
Microsoft Visual Studio Solution File, Format Version 12.00
# Visual Studio Version 16
VisualStudioVersion = 16.0.29123.88
MinimumVisualStudioVersion = 10.0.40219.1
Project("{9A19103F-16F7-4668-BE54-9A1E7A4F7556}") = "01. Count Real Numbers", "01. Count Real Numbers\01. Count Real Numbers.csproj", "{69566B81-CD74-45FB-A647-FEAF95517233}"
EndProject
Project("{FAE04EC0-301F-11D3-BF4B-00C04F79EFBC}") = "02. Odd Occurrences", "02. Odd Occurrences\02. Odd Occurrences.csproj", "{913839BB-68BB-409F-ABC9-0EDBC423ED5D}"
EndProject
Project("{FAE04EC0-301F-11D3-BF4B-00C04F79EFBC}") = "03. Word Synonyms", "03. Word Synonyms\03. Word Synonyms.csproj", "{827F94BD-643B-4A84-9E5F-DF4C28FEFF41}"
EndProject
Project("{FAE04EC0-301F-11D3-BF4B-00C04F79EFBC}") = "04. Largest 3 Numbers", "04. Largest 3 Numbers\04. Largest 3 Numbers.csproj", "{47118FE9-7A6F-4754-ABCE-EA14D90F5E84}"
EndProject
Project("{FAE04EC0-301F-11D3-BF4B-00C04F79EFBC}") = "05. Word Filter", "05. Word Filter\05. Word Filter.csproj", "{841E1664-9E43-4877-8442-12AAF534F7C8}"
EndProject
Global
	GlobalSection(SolutionConfigurationPlatforms) = preSolution
		Debug|Any CPU = Debug|Any CPU
		Release|Any CPU = Release|Any CPU
	EndGlobalSection
	GlobalSection(ProjectConfigurationPlatforms) = postSolution
		{69566B81-CD74-45FB-A647-FEAF95517233}.Debug|Any CPU.ActiveCfg = Debug|Any CPU
		{69566B81-CD74-45FB-A647-FEAF95517233}.Debug|Any CPU.Build.0 = Debug|Any CPU
		{69566B81-CD74-45FB-A647-FEAF95517233}.Release|Any CPU.ActiveCfg = Release|Any CPU
		{69566B81-CD74-45FB-A647-FEAF95517233}.Release|Any CPU.Build.0 = Release|Any CPU
		{913839BB-68BB-409F-ABC9-0EDBC423ED5D}.Debug|Any CPU.ActiveCfg = Debug|Any CPU
		{913839BB-68BB-409F-ABC9-0EDBC423ED5D}.Debug|Any CPU.Build.0 = Debug|Any CPU
		{913839BB-68BB-409F-ABC9-0EDBC423ED5D}.Release|Any CPU.ActiveCfg = Release|Any CPU
		{913839BB-68BB-409F-ABC9-0EDBC423ED5D}.Release|Any CPU.Build.0 = Release|Any CPU
		{827F94BD-643B-4A84-9E5F-DF4C28FEFF41}.Debug|Any CPU.ActiveCfg = Debug|Any CPU
		{827F94BD-643B-4A84-9E5F-DF4C28FEFF41}.Debug|Any CPU.Build.0 = Debug|Any CPU
		{827F94BD-643B-4A84-9E5F-DF4C28FEFF41}.Release|Any CPU.ActiveCfg = Release|Any CPU
		{827F94BD-643B-4A84-9E5F-DF4C28FEFF41}.Release|Any CPU.Build.0 = Release|Any CPU
		{47118FE9-7A6F-4754-ABCE-EA14D90F5E84}.Debug|Any CPU.ActiveCfg = Debug|Any CPU
		{47118FE9-7A6F-4754-ABCE-EA14D90F5E84}.Debug|Any CPU.Build.0 = Debug|Any CPU
		{47118FE9-7A6F-4754-ABCE-EA14D90F5E84}.Release|Any CPU.ActiveCfg = Release|Any CPU
		{47118FE9-7A6F-4754-ABCE-EA14D90F5E84}.Release|Any CPU.Build.0 = Release|Any CPU
		{841E1664-9E43-4877-8442-12AAF534F7C8}.Debug|Any CPU.ActiveCfg = Debug|Any CPU
		{841E1664-9E43-4877-8442-12AAF534F7C8}.Debug|Any CPU.Build.0 = Debug|Any CPU
		{841E1664-9E43-4877-8442-12AAF534F7C8}.Release|Any CPU.ActiveCfg = Release|Any CPU
		{841E1664-9E43-4877-8442-12AAF534F7C8}.Release|Any CPU.Build.0 = Release|Any CPU
	EndGlobalSection
	GlobalSection(SolutionProperties) = preSolution
		HideSolutionNode = FALSE
	EndGlobalSection
	GlobalSection(ExtensibilityGlobals) = postSolution
		SolutionGuid = {42126E55-C237-4AB6-812E-E2981FA0F431}
	EndGlobalSection
EndGlobal
